Microsoft Visual Studio Solution File, Format Version 12.00
# Visual Studio Version 17
VisualStudioVersion = 17.5.2.0
MinimumVisualStudioVersion = 10.0.40219.1
Project("{FAE04EC0-301F-11D3-BF4B-00C04F79EFBC}") = "newconsole", "newconsole.csproj", "{C9D4AE64-3B8B-397F-0A1D-96AA3DCBE6EC}"
EndProject
Global
	GlobalSection(SolutionConfigurationPlatforms) = preSolution
		Debug|Any CPU = Debug|Any CPU
		Release|Any CPU = Release|Any CPU
	EndGlobalSection
	GlobalSection(ProjectConfigurationPlatforms) = postSolution
		{C9D4AE64-3B8B-397F-0A1D-96AA3DCBE6EC}.Debug|Any CPU.ActiveCfg = Debug|Any CPU
		{C9D4AE64-3B8B-397F-0A1D-96AA3DCBE6EC}.Debug|Any CPU.Build.0 = Debug|Any CPU
		{C9D4AE64-3B8B-397F-0A1D-96AA3DCBE6EC}.Release|Any CPU.ActiveCfg = Release|Any CPU
		{C9D4AE64-3B8B-397F-0A1D-96AA3DCBE6EC}.Release|Any CPU.Build.0 = Release|Any CPU
	EndGlobalSection
	GlobalSection(SolutionProperties) = preSolution
		HideSolutionNode = FALSE
	EndGlobalSection
	GlobalSection(ExtensibilityGlobals) = postSolution
		SolutionGuid = {96CC0AE6-4F2F-499B-9836-F3A3C5DFE444}
	EndGlobalSection
EndGlobal
